
Microsoft Visual Studio Solution File, Format Version 12.00
# Visual Studio 15
VisualStudioVersion = 15.0.27130.2036
MinimumVisualStudioVersion = 10.0.40219.1
Project("{FAE04EC0-301F-11D3-BF4B-00C04F79EFBC}") = "LanManager", "LanManager\LanManager.csproj", "{AB89312A-E411-483B-A3C0-C3797A3F1B88}"
EndProject
Project("{FAE04EC0-301F-11D3-BF4B-00C04F79EFBC}") = "LANManagerServer", "LANChatServer\LANManagerServer.csproj", "{38A13A36-43D4-46C7-AB85-B74770A04EBC}"
EndProject
Global
	GlobalSection(SolutionConfigurationPlatforms) = preSolution
		Debug|Any CPU = Debug|Any CPU
		Release|Any CPU = Release|Any CPU
	EndGlobalSection
	GlobalSection(ProjectConfigurationPlatforms) = postSolution
		{AB89312A-E411-483B-A3C0-C3797A3F1B88}.Debug|Any CPU.ActiveCfg = Debug|Any CPU
		{AB89312A-E411-483B-A3C0-C3797A3F1B88}.Debug|Any CPU.Build.0 = Debug|Any CPU
		{AB89312A-E411-483B-A3C0-C3797A3F1B88}.Release|Any CPU.ActiveCfg = Release|Any CPU
		{AB89312A-E411-483B-A3C0-C3797A3F1B88}.Release|Any CPU.Build.0 = Release|Any CPU
		{38A13A36-43D4-46C7-AB85-B74770A04EBC}.Debug|Any CPU.ActiveCfg = Debug|Any CPU
		{38A13A36-43D4-46C7-AB85-B74770A04EBC}.Debug|Any CPU.Build.0 = Debug|Any CPU
		{38A13A36-43D4-46C7-AB85-B74770A04EBC}.Release|Any CPU.ActiveCfg = Release|Any CPU
		{38A13A36-43D4-46C7-AB85-B74770A04EBC}.Release|Any CPU.Build.0 = Release|Any CPU
	EndGlobalSection
	GlobalSection(SolutionProperties) = preSolution
		HideSolutionNode = FALSE
	EndGlobalSection
	GlobalSection(ExtensibilityGlobals) = postSolution
		SolutionGuid = {6A5DEECE-FF10-4A6E-A05C-D914C157104C}
	EndGlobalSection
EndGlobal
